<?xml version="1.0" encoding="utf-8"?>
<Project ToolsVersion="4.0" xmlns="http://schemas.microsoft.com/developer/msbuild/2003">
  <ItemGroup>
    <Filter Include="源文件">
      <UniqueIdentifier>{4FC737F1-C7A5-4376-A066-2A32D752A2FF}</UniqueIdentifier>
      <Extensions>cpp;c;cc;cxx;def;odl;idl;hpj;bat;asm;asmx</Extensions>
    </Filter>
    <Filter Include="头文件">
      <UniqueIdentifier>{93995380-89BD-4b04-88EB-625FBE52EBFB}</UniqueIdentifier>
      <Extensions>h;hpp;hxx;hm;inl;inc;xsd</Extensions>
    </Filter>
    <Filter Include="资源文件">
      <UniqueIdentifier>{67DA6AB6-F800-4c08-8B7A-83BB121AAD01}</UniqueIdentifier>
      <Extensions>rc;ico;cur;bmp;dlg;rc2;rct;bin;rgs;gif;jpg;jpeg;jpe;resx;tiff;tif;png;wav;mfcribbon-ms</Extensions>
    </Filter>
    <Filter Include="源文件\Core">
      <UniqueIdentifier>{5a569a7c-e976-49fa-aaaa-e3f66ad34cfa}</UniqueIdentifier>
    </Filter>
  </ItemGroup>
  <ItemGroup>
    <ClCompile Include="DirectDialog.cpp">
      <Filter>源文件</Filter>
    </ClCompile>
    <ClCompile Include="DlgPubilcChild.cpp">
      <Filter>源文件</Filter>
    </ClCompile>
    <ClCompile Include="std_main.cpp">
      <Filter>源文件</Filter>
    </ClCompile>
    <ClCompile Include="UI_Main.cpp">
      <Filter>源文件</Filter>
    </ClCompile>
    <ClCompile Include="DlgRecord.cpp">
      <Filter>源文件</Filter>
    </ClCompile>
    <ClCompile Include="source\HttpLog.cpp">
      <Filter>源文件\Core</Filter>
    </ClCompile>
    <ClCompile Include="source\HttpPlus.cpp">
      <Filter>源文件\Core</Filter>
    </ClCompile>
    <ClCompile Include="source\md5lib.cpp">
      <Filter>源文件\Core</Filter>
    </ClCompile>
    <ClCompile Include="TTSSound.cpp">
      <Filter>源文件</Filter>
    </ClCompile>
    <ClCompile Include="source\RegexPlus.cpp">
      <Filter>源文件</Filter>
    </ClCompile>
  </ItemGroup>
  <ItemGroup>
    <ClInclude Include="DirectDialog.h">
      <Filter>头文件</Filter>
    </ClInclude>
    <ClInclude Include="DlgPubilcChild.h">
      <Filter>头文件</Filter>
    </ClInclude>
    <ClInclude Include="std_main.h">
      <Filter>头文件</Filter>
    </ClInclude>
    <ClInclude Include="resource.h">
      <Filter>头文件</Filter>
    </ClInclude>
    <ClInclude Include="source\HttpLog.h">
      <Filter>源文件\Core</Filter>
    </ClInclude>
    <ClInclude Include="source\HttpPlus.h">
      <Filter>源文件\Core</Filter>
    </ClInclude>
    <ClInclude Include="source\md5lib.h">
      <Filter>源文件\Core</Filter>
    </ClInclude>
    <ClInclude Include="TTSSound.h">
      <Filter>头文件</Filter>
    </ClInclude>
    <ClInclude Include="source\RegexPlus.h">
      <Filter>头文件</Filter>
    </ClInclude>
  </ItemGroup>
  <ItemGroup>
    <ResourceCompile Include="Res.rc">
      <Filter>资源文件</Filter>
    </ResourceCompile>
  </ItemGroup>
  <ItemGroup>
    <None Include="res\guanjia_logo.ico">
      <Filter>资源文件</Filter>
    </None>
    <None Include="res\mainfrm.ico">
      <Filter>资源文件</Filter>
    </None>
    <None Include="res\zipres2.bin">
      <Filter>资源文件</Filter>
    </None>
    <None Include="res\Skin.zip" />
    <None Include="res\Skin.zip.zh" />
  </ItemGroup>
</Project>